// !$*UTF8*$!
{
	archiveVersion = 1;
	classes = {
	};
	objectVersion = 50;
	objects = {

/* Begin PBXBuildFile section */
		F755FB9622C46D7F00D30864 /* AppDelegate.swift in Sources */ = {isa = PBXBuildFile; fileRef = F755FB9522C46D7F00D30864 /* AppDelegate.swift */; };
		F755FB9822C46D7F00D30864 /* ViewController.swift in Sources */ = {isa = PBXBuildFile; fileRef = F755FB9722C46D7F00D30864 /* ViewController.swift */; };
		F755FB9B22C46D7F00D30864 /* Main.storyboard in Resources */ = {isa = PBXBuildFile; fileRef = F755FB9922C46D7F00D30864 /* Main.storyboard */; };
		F755FB9D22C46D8100D30864 /* Assets.xcassets in Resources */ = {isa = PBXBuildFile; fileRef = F755FB9C22C46D8100D30864 /* Assets.xcassets */; };
		F755FBA022C46D8100D30864 /* LaunchScreen.storyboard in Resources */ = {isa = PBXBuildFile; fileRef = F755FB9E22C46D8100D30864 /* LaunchScreen.storyboard */; };
		F755FBA822C470B100D30864 /* SharedCode.framework in Frameworks */ = {isa = PBXBuildFile; fileRef = F755FBA722C470B100D30864 /* SharedCode.framework */; };
		F755FBA922C470B100D30864 /* SharedCode.framework in Embed Frameworks */ = {isa = PBXBuildFile; fileRef = F755FBA722C470B100D30864 /* SharedCode.framework */; settings = {ATTRIBUTES = (CodeSignOnCopy, RemoveHeadersOnCopy, ); }; };
/* End PBXBuildFile section */

/* Begin PBXCopyFilesBuildPhase section */
		F755FBAA22C470B100D30864 /* Embed Frameworks */ = {
			isa = PBXCopyFilesBuildPhase;
			buildActionMask = 2147483647;
			dstPath = "";
			dstSubfolderSpec = 10;
			files = (
				F755FBA922C470B100D30864 /* SharedCode.framework in Embed Frameworks */,
			);
			name = "Embed Frameworks";
			runOnlyForDeploymentPostprocessing = 0;
		};
/* End PBXCopyFilesBuildPhase section */

/* Begin PBXFileReference section */
		F755FB9222C46D7F00D30864 /* kotlinios.app */ = {isa = PBXFileReference; explicitFileType = wrapper.application; includeInIndex = 0; path = kotlinios.app; sourceTree = BUILT_PRODUCTS_DIR; };
		F755FB9522C46D7F00D30864 /* AppDelegate.swift */ = {isa = PBXFileReference; lastKnownFileType = sourcecode.swift; path = AppDelegate.swift; sourceTree = "<group>"; };
		F755FB9722C46D7F00D30864 /* ViewController.swift */ = {isa = PBXFileReference; lastKnownFileType = sourcecode.swift; path = ViewController.swift; sourceTree = "<group>"; };
		F755FB9A22C46D7F00D30864 /* Base */ = {isa = PBXFileReference; lastKnownFileType = file.storyboard; name = Base; path = Base.lproj/Main.storyboard; sourceTree = "<group>"; };
		F755FB9C22C46D8100D30864 /* Assets.xcassets */ = {isa = PBXFileReference; lastKnownFileType = folder.assetcatalog; path = Assets.xcassets; sourceTree = "<group>"; };
		F755FB9F22C46D8100D30864 /* Base */ = {isa = PBXFileReference; lastKnownFileType = file.storyboard; name = Base; path = Base.lproj/LaunchScreen.storyboard; sourceTree = "<group>"; };
		F755FBA122C46D8100D30864 /* Info.plist */ = {isa = PBXFileReference; lastKnownFileType = text.plist.xml; path = Info.plist; sourceTree = "<group>"; };
		F755FBA722C470B100D30864 /* SharedCode.framework */ = {isa = PBXFileReference; lastKnownFileType = wrapper.framework; path = SharedCode.framework; sourceTree = "<group>"; };
/* End PBXFileReference section */

/* Begin PBXFrameworksBuildPhase section */
		F755FB8F22C46D7F00D30864 /* Frameworks */ = {
			isa = PBXFrameworksBuildPhase;
			buildActionMask = 2147483647;
			files = (
				F755FBA822C470B100D30864 /* SharedCode.framework in Frameworks */,
			);
			runOnlyForDeploymentPostprocessing = 0;
		};
/* End PBXFrameworksBuildPhase section */

/* Begin PBXGroup section */
		F755FB8922C46D7F00D30864 = {
			isa = PBXGroup;
			children = (
				F755FBA722C470B100D30864 /* SharedCode.framework */,
				F755FB9422C46D7F00D30864 /* kotlinios */,
				F755FB9322C46D7F00D30864 /* Products */,
			);
			sourceTree = "<group>";
		};
		F755FB9322C46D7F00D30864 /* Products */ = {
			isa = PBXGroup;
			children = (
				F755FB9222C46D7F00D30864 /* kotlinios.app */,
			);
			name = Products;
			sourceTree = "<group>";
		};
		F755FB9422C46D7F00D30864 /* kotlinios */ = {
			isa = PBXGroup;
			children = (
				F755FB9522C46D7F00D30864 /* AppDelegate.swift */,
				F755FB9722C46D7F00D30864 /* ViewController.swift */,
				F755FB9922C46D7F00D30864 /* Main.storyboard */,
				F755FB9C22C46D8100D30864 /* Assets.xcassets */,
				F755FB9E22C46D8100D30864 /* LaunchScreen.storyboard */,
				F755FBA122C46D8100D30864 /* Info.plist */,
			);
			path = kotlinios;
			sourceTree = "<group>";
		};
/* End PBXGroup section */

/* Begin PBXNativeTarget section */
		F755FB9122C46D7F00D30864 /* kotlinios */ = {
			isa = PBXNativeTarget;
			buildConfigurationList = F755FBA422C46D8100D30864 /* Build configuration list for PBXNativeTarget "kotlinios" */;
			buildPhases = (
				F755FB8E22C46D7F00D30864 /* Sources */,
				F755FB8F22C46D7F00D30864 /* Frameworks */,
				F755FB9022C46D7F00D30864 /* Resources */,
				F755FBAA22C470B100D30864 /* Embed Frameworks */,
			);
			buildRules = (
			);
			dependencies = (
			);
			name = kotlinios;
			productName = kotlinios;
			productReference = F755FB9222C46D7F00D30864 /* kotlinios.app */;
			productType = "com.apple.product-type.application";
		};
/* End PBXNativeTarget section */

/* Begin PBXProject section */
		F755FB8A22C46D7F00D30864 /* Project object */ = {
			isa = PBXProject;
			attributes = {
				LastSwiftUpdateCheck = 1010;
				LastUpgradeCheck = 1010;
				ORGANIZATIONNAME = 122server;
				TargetAttributes = {
					F755FB9122C46D7F00D30864 = {
						CreatedOnToolsVersion = 10.1;
					};
				};
			};
			buildConfigurationList = F755FB8D22C46D7F00D30864 /* Build configuration list for PBXProject "kotlinios" */;
			compatibilityVersion = "Xcode 9.3";
			developmentRegion = en;
			hasScannedForEncodings = 0;
			knownRegions = (
				en,
				Base,
			);
			mainGroup = F755FB8922C46D7F00D30864;
			productRefGroup = F755FB9322C46D7F00D30864 /* Products */;
			projectDirPath = "";
			projectRoot = "";
			targets = (
				F755FB9122C46D7F00D30864 /* kotlinios */,
			);
		};
/* End PBXProject section */

/* Begin PBXResourcesBuildPhase section */
		F755FB9022C46D7F00D30864 /* Resources */ = {
			isa = PBXResourcesBuildPhase;
			buildActionMask = 2147483647;
			files = (
				F755FBA022C46D8100D30864 /* LaunchScreen.storyboard in Resources */,
				F755FB9D22C46D8100D30864 /* Assets.xcassets in Resources */,
				F755FB9B22C46D7F00D30864 /* Main.storyboard in Resources */,
			);
			runOnlyForDeploymentPostprocessing = 0;
		};
/* End PBXResourcesBuildPhase section */

/* Begin PBXSourcesBuildPhase section */
		F755FB8E22C46D7F00D30864 /* Sources */ = {
			isa = PBXSourcesBuildPhase;
			buildActionMask = 2147483647;
			files = (
				F755FB9822C46D7F00D30864 /* ViewController.swift in Sources */,
				F755FB9622C46D7F00D30864 /* AppDelegate.swift in Sources */,
			);
			runOnlyForDeploymentPostprocessing = 0;
		};
/* End PBXSourcesBuildPhase section */

/* Begin PBXVariantGroup section */
		F755FB9922C46D7F00D30864 /* Main.storyboard */ = {
			isa = PBXVariantGroup;
			children = (
				F755FB9A22C46D7F00D30864 /* Base */,
			);
			name = Main.storyboard;
			sourceTree = "<group>";
		};
		F755FB9E22C46D8100D30864 /* LaunchScreen.storyboard */ = {
			isa = PBXVariantGroup;
			children = (
				F755FB9F22C46D8100D30864 /* Base */,
			);
			name = LaunchScreen.storyboard;
			sourceTree = "<group>";
		};
/* End PBXVariantGroup section */

/* Begin XCBuildConfiguration section */
		F755FBA222C46D8100D30864 /* Debug */ = {
			isa = XCBuildConfiguration;
			buildSettings = {
				ALWAYS_SEARCH_USER_PATHS = NO;
				CLANG_ANALYZER_NONNULL = YES;
				CLANG_ANALYZER_NUMBER_OBJECT_CONVERSION = YES_AGGRESSIVE;
				CLANG_CXX_LANGUAGE_STANDARD = "gnu++14";
				CLANG_CXX_LIBRARY = "libc++";
				CLANG_ENABLE_MODULES = YES;
				CLANG_ENABLE_OBJC_ARC = YES;
				CLANG_ENABLE_OBJC_WEAK = YES;
				CLANG_WARN_BLOCK_CAPTURE_AUTORELEASING = YES;
				CLANG_WARN_BOOL_CONVERSION = YES;
				CLANG_WARN_COMMA = YES;
				CLANG_WARN_CONSTANT_CONVERSION = YES;
				CLANG_WARN_DEPRECATED_OBJC_IMPLEMENTATIONS = YES;
				CLANG_WARN_DIRECT_OBJC_ISA_USAGE = YES_ERROR;
				CLANG_WARN_DOCUMENTATION_COMMENTS = YES;
				CLANG_WARN_EMPTY_BODY = YES;
				CLANG_WARN_ENUM_CONVERSION = YES;
				CLANG_WARN_INFINITE_RECURSION = YES;
				CLANG_WARN_INT_CONVERSION = YES;
				CLANG_WARN_NON_LITERAL_NULL_CONVERSION = YES;
				CLANG_WARN_OBJC_IMPLICIT_RETAIN_SELF = YES;
				CLANG_WARN_OBJC_LITERAL_CONVERSION = YES;
				CLANG_WARN_OBJC_ROOT_CLASS = YES_ERROR;
				CLANG_WARN_RANGE_LOOP_ANALYSIS = YES;
				CLANG_WARN_STRICT_PROTOTYPES = YES;
				CLANG_WARN_SUSPICIOUS_MOVE = YES;
				CLANG_WARN_UNGUARDED_AVAILABILITY = YES_AGGRESSIVE;
				CLANG_WARN_UNREACHABLE_CODE = YES;
				CLANG_WARN__DUPLICATE_METHOD_MATCH = YES;
				CODE_SIGN_IDENTITY = "iPhone Developer";
				COPY_PHASE_STRIP = NO;
				DEBUG_INFORMATION_FORMAT = dwarf;
				ENABLE_STRICT_OBJC_MSGSEND = YES;
				ENABLE_TESTABILITY = YES;
				GCC_C_LANGUAGE_STANDARD = gnu11;
				GCC_DYNAMIC_NO_PIC = NO;
				GCC_NO_COMMON_BLOCKS = YES;
				GCC_OPTIMIZATION_LEVEL = 0;
				GCC_PREPROCESSOR_DEFINITIONS = (
					"DEBUG=1",
					"$(inherited)",
				);
				GCC_WARN_64_TO_32_BIT_CONVERSION = YES;
				GCC_WARN_ABOUT_RETURN_TYPE = YES_ERROR;
				GCC_WARN_UNDECLARED_SELECTOR = YES;
				GCC_WARN_UNINITIALIZED_AUTOS = YES_AGGRESSIVE;
				GCC_WARN_UNUSED_FUNCTION = YES;
				GCC_WARN_UNUSED_VARIABLE = YES;
				IPHONEOS_DEPLOYMENT_TARGET = 12.1;
				MTL_ENABLE_DEBUG_INFO = INCLUDE_SOURCE;
				MTL_FAST_MATH = YES;
				ONLY_ACTIVE_ARCH = YES;
				SDKROOT = iphoneos;
				SWIFT_ACTIVE_COMPILATION_CONDITIONS = DEBUG;
				SWIFT_OPTIMIZATION_LEVEL = "-Onone";
			};
			name = Debug;
		};
		F755FBA322C46D8100D30864 /* Release */ = {
			isa = XCBuildConfiguration;
			buildSettings = {
				ALWAYS_SEARCH_USER_PATHS = NO;
				CLANG_ANALYZER_NONNULL = YES;
				CLANG_ANALYZER_NUMBER_OBJECT_CONVERSION = YES_AGGRESSIVE;
				CLANG_CXX_LANGUAGE_STANDARD = "gnu++14";
				CLANG_CXX_LIBRARY = "libc++";
				CLANG_ENABLE_MODULES = YES;
				CLANG_ENABLE_OBJC_ARC = YES;
				CLANG_ENABLE_OBJC_WEAK = YES;
				CLANG_WARN_BLOCK_CAPTURE_AUTORELEASING = YES;
				CLANG_WARN_BOOL_CONVERSION = YES;
				CLANG_WARN_COMMA = YES;
				CLANG_WARN_CONSTANT_CONVERSION = YES;
				CLANG_WARN_DEPRECATED_OBJC_IMPLEMENTATIONS = YES;
				CLANG_WARN_DIRECT_OBJC_ISA_USAGE = YES_ERROR;
				CLANG_WARN_DOCUMENTATION_COMMENTS = YES;
				CLANG_WARN_EMPTY_BODY = YES;
				CLANG_WARN_ENUM_CONVERSION = YES;
				CLANG_WARN_INFINITE_RECURSION = YES;
				CLANG_WARN_INT_CONVERSION = YES;
				CLANG_WARN_NON_LITERAL_NULL_CONVERSION = YES;
				CLANG_WARN_OBJC_IMPLICIT_RETAIN_SELF = YES;
				CLANG_WARN_OBJC_LITERAL_CONVERSION = YES;
				CLANG_WARN_OBJC_ROOT_CLASS = YES_ERROR;
				CLANG_WARN_RANGE_LOOP_ANALYSIS = YES;
				CLANG_WARN_STRICT_PROTOTYPES = YES;
				CLANG_WARN_SUSPICIOUS_MOVE = YES;
				CLANG_WARN_UNGUARDED_AVAILABILITY = YES_AGGRESSIVE;
				CLANG_WARN_UNREACHABLE_CODE = YES;
				CLANG_WARN__DUPLICATE_METHOD_MATCH = YES;
				CODE_SIGN_IDENTITY = "iPhone Developer";
				COPY_PHASE_STRIP = NO;
				DEBUG_INFORMATION_FORMAT = "dwarf-with-dsym";
				ENABLE_NS_ASSERTIONS = NO;
				ENABLE_STRICT_OBJC_MSGSEND = YES;
				GCC_C_LANGUAGE_STANDARD = gnu11;
				GCC_NO_COMMON_BLOCKS = YES;
				GCC_WARN_64_TO_32_BIT_CONVERSION = YES;
				GCC_WARN_ABOUT_RETURN_TYPE = YES_ERROR;
				GCC_WARN_UNDECLARED_SELECTOR = YES;
				GCC_WARN_UNINITIALIZED_AUTOS = YES_AGGRESSIVE;
				GCC_WARN_UNUSED_FUNCTION = YES;
				GCC_WARN_UNUSED_VARIABLE = YES;
				IPHONEOS_DEPLOYMENT_TARGET = 12.1;
				MTL_ENABLE_DEBUG_INFO = NO;
				MTL_FAST_MATH = YES;
				SDKROOT = iphoneos;
				SWIFT_COMPILATION_MODE = wholemodule;
				SWIFT_OPTIMIZATION_LEVEL = "-O";
				VALIDATE_PRODUCT = YES;
			};
			name = Release;
		};
		F755FBA522C46D8100D30864 /* Debug */ = {
			isa = XCBuildConfiguration;
			buildSettings = {
				ASSETCATALOG_COMPILER_APPICON_NAME = AppIcon;
				CODE_SIGN_STYLE = Automatic;
				FRAMEWORK_SEARCH_PATHS = (
					"$(inherited)",
					"$(PROJECT_DIR)",
				);
				INFOPLIST_FILE = kotlinios/Info.plist;
				LD_RUNPATH_SEARCH_PATHS = (
					"$(inherited)",
					"@executable_path/Frameworks",
				);
				PRODUCT_BUNDLE_IDENTIFIER = com.mw.kotlinios;
				PRODUCT_NAME = "$(TARGET_NAME)";
				SWIFT_VERSION = 4.2;
				TARGETED_DEVICE_FAMILY = "1,2";
			};
			name = Debug;
		};
		F755FBA622C46D8100D30864 /* Release */ = {
			isa = XCBuildConfiguration;
			buildSettings = {
				ASSETCATALOG_COMPILER_APPICON_NAME = AppIcon;
				CODE_SIGN_STYLE = Automatic;
				FRAMEWORK_SEARCH_PATHS = (
					"$(inherited)",
					"$(PROJECT_DIR)",
				);
				INFOPLIST_FILE = kotlinios/Info.plist;
				LD_RUNPATH_SEARCH_PATHS = (
					"$(inherited)",
					"@executable_path/Frameworks",
				);
				PRODUCT_BUNDLE_IDENTIFIER = com.mw.kotlinios;
				PRODUCT_NAME = "$(TARGET_NAME)";
				SWIFT_VERSION = 4.2;
				TARGETED_DEVICE_FAMILY = "1,2";
			};
			name = Release;
		};
/* End XCBuildConfiguration section */

/* Begin XCConfigurationList section */
		F755FB8D22C46D7F00D30864 /* Build configuration list for PBXProject "kotlinios" */ = {
			isa = XCConfigurationList;
			buildConfigurations = (
				F755FBA222C46D8100D30864 /* Debug */,
				F755FBA322C46D8100D30864 /* Release */,
			);
			defaultConfigurationIsVisible = 0;
			defaultConfigurationName = Release;
		};
		F755FBA422C46D8100D30864 /* Build configuration list for PBXNativeTarget "kotlinios" */ = {
			isa = XCConfigurationList;
			buildConfigurations = (
				F755FBA522C46D8100D30864 /* Debug */,
				F755FBA622C46D8100D30864 /* Release */,
			);
			defaultConfigurationIsVisible = 0;
			defaultConfigurationName = Release;
		};
/* End XCConfigurationList section */
	};
	rootObject = F755FB8A22C46D7F00D30864 /* Project object */;
}
